
Microsoft Visual Studio Solution File, Format Version 12.00
# Blend for Visual Studio Version 17
VisualStudioVersion = 17.14.36414.22
MinimumVisualStudioVersion = 10.0.40219.1
Project("{FAE04EC0-301F-11D3-BF4B-00C04F79EFBC}") = "RubiksCubeControl", "RubiksCubeControl\RubiksCubeControl.csproj", "{09D33B9C-2455-4546-6767-CE849390A3DC}"
EndProject
Project("{FAE04EC0-301F-11D3-BF4B-00C04F79EFBC}") = "RubiksCubeApplication", "RubiksCubeApplication\RubiksCubeApplication.csproj", "{767A59E0-EFE1-3053-A55F-2757F9A1CB77}"
EndProject
Global
	GlobalSection(SolutionConfigurationPlatforms) = preSolution
		Debug|Any CPU = Debug|Any CPU
		Release|Any CPU = Release|Any CPU
	EndGlobalSection
	GlobalSection(ProjectConfigurationPlatforms) = postSolution
		{09D33B9C-2455-4546-6767-CE849390A3DC}.Debug|Any CPU.ActiveCfg = Debug|Any CPU
		{09D33B9C-2455-4546-6767-CE849390A3DC}.Debug|Any CPU.Build.0 = Debug|Any CPU
		{09D33B9C-2455-4546-6767-CE849390A3DC}.Release|Any CPU.ActiveCfg = Release|Any CPU
		{09D33B9C-2455-4546-6767-CE849390A3DC}.Release|Any CPU.Build.0 = Release|Any CPU
		{767A59E0-EFE1-3053-A55F-2757F9A1CB77}.Debug|Any CPU.ActiveCfg = Debug|Any CPU
		{767A59E0-EFE1-3053-A55F-2757F9A1CB77}.Debug|Any CPU.Build.0 = Debug|Any CPU
		{767A59E0-EFE1-3053-A55F-2757F9A1CB77}.Release|Any CPU.ActiveCfg = Release|Any CPU
		{767A59E0-EFE1-3053-A55F-2757F9A1CB77}.Release|Any CPU.Build.0 = Release|Any CPU
	EndGlobalSection
	GlobalSection(SolutionProperties) = preSolution
		HideSolutionNode = FALSE
	EndGlobalSection
	GlobalSection(ExtensibilityGlobals) = postSolution
		SolutionGuid = {35754940-F590-4C76-BC35-07242F541312}
	EndGlobalSection
EndGlobal
