
Microsoft Visual Studio Solution File, Format Version 12.00
# Visual Studio Version 17
VisualStudioVersion = 17.14.36414.22 d17.14
MinimumVisualStudioVersion = 10.0.40219.1
Project("{FAE04EC0-301F-11D3-BF4B-00C04F79EFBC}") = "RubiksCubeControlWpf", "RubiksCubeControlWpf\RubiksCubeControlWpf.csproj", "{6E512527-CBB1-4E2F-BE78-BF8774514E08}"
EndProject
Project("{FAE04EC0-301F-11D3-BF4B-00C04F79EFBC}") = "TestRubiksCubeControl", "TestRubiksCubeControl\TestRubiksCubeControl.csproj", "{59D3FB78-111B-4E0A-83AE-AD76E4E6058A}"
EndProject
Global
	GlobalSection(SolutionConfigurationPlatforms) = preSolution
		Debug|Any CPU = Debug|Any CPU
		Release|Any CPU = Release|Any CPU
	EndGlobalSection
	GlobalSection(ProjectConfigurationPlatforms) = postSolution
		{6E512527-CBB1-4E2F-BE78-BF8774514E08}.Debug|Any CPU.ActiveCfg = Debug|Any CPU
		{6E512527-CBB1-4E2F-BE78-BF8774514E08}.Debug|Any CPU.Build.0 = Debug|Any CPU
		{6E512527-CBB1-4E2F-BE78-BF8774514E08}.Release|Any CPU.ActiveCfg = Release|Any CPU
		{6E512527-CBB1-4E2F-BE78-BF8774514E08}.Release|Any CPU.Build.0 = Release|Any CPU
		{59D3FB78-111B-4E0A-83AE-AD76E4E6058A}.Debug|Any CPU.ActiveCfg = Debug|Any CPU
		{59D3FB78-111B-4E0A-83AE-AD76E4E6058A}.Debug|Any CPU.Build.0 = Debug|Any CPU
		{59D3FB78-111B-4E0A-83AE-AD76E4E6058A}.Release|Any CPU.ActiveCfg = Release|Any CPU
		{59D3FB78-111B-4E0A-83AE-AD76E4E6058A}.Release|Any CPU.Build.0 = Release|Any CPU
	EndGlobalSection
	GlobalSection(SolutionProperties) = preSolution
		HideSolutionNode = FALSE
	EndGlobalSection
	GlobalSection(ExtensibilityGlobals) = postSolution
		SolutionGuid = {35754940-F590-4C76-BC35-07242F541312}
	EndGlobalSection
EndGlobal
